{
  "nodes": {
    "firefox-nightly": {
      "inputs": {
        "flake-compat": "flake-compat",
        "lib-aggregate": "lib-aggregate",
        "nixpkgs": [
          "nixpkgs"
        ]
      },
      "locked": {
        "lastModified": 1769563770,
        "narHash": "sha256-/q7GWOEkQbzxE6mLbOviLnDdib0V8w05Qqm6gyFRb/w=",
        "owner": "nix-community",
        "repo": "flake-firefox-nightly",
        "rev": "206d11eddf7adf80bbef758a93935b76b4e447a2",
        "type": "github"
      },
      "original": {
        "owner": "nix-community",
        "repo": "flake-firefox-nightly",
        "type": "github"
      }
    },
    "flake-compat": {
      "locked": {
        "lastModified": 1761640442,
        "narHash": "sha256-AtrEP6Jmdvrqiv4x2xa5mrtaIp3OEe8uBYCDZDS+hu8=",
        "owner": "nix-community",
        "repo": "flake-compat",
        "rev": "4a56054d8ffc173222d09dad23adf4ba946c8884",
        "type": "github"
      },
      "original": {
        "owner": "nix-community",
        "repo": "flake-compat",
        "type": "github"
      }
    },
    "flake-utils": {
      "inputs": {
        "systems": "systems"
      },
      "locked": {
        "lastModified": 1731533236,
        "narHash": "sha256-l0KFg5HjrsfsO/JpG+r7fRrqm12kzFHyUHqHCVpMMbI=",
        "owner": "numtide",
        "repo": "flake-utils",
        "rev": "11707dc2f618dd54ca8739b309ec4fc024de578b",
        "type": "github"
      },
      "original": {
        "owner": "numtide",
        "repo": "flake-utils",
        "type": "github"
      }
    },
    "future-hyprcursor": {
      "inputs": {
        "nixpkgs": "nixpkgs"
      },
      "locked": {
        "lastModified": 1768973920,
        "narHash": "sha256-b24AyNWQpWirgMEQnkpxBjwYl2zQc7jo7corShNVCBw=",
        "owner": "mvayk",
        "repo": "nix-future-hyprcursor",
        "rev": "06950617c927065f4b7b238ed79cb23b77567d39",
        "type": "github"
      },
      "original": {
        "owner": "mvayk",
        "repo": "nix-future-hyprcursor",
        "type": "github"
      }
    },
    "home-manager": {
      "inputs": {
        "nixpkgs": [
          "nixpkgs"
        ]
      },
      "locked": {
        "lastModified": 1769579508,
        "narHash": "sha256-EE2bs7xFrC64qrj0N2zP6E6e/nmhcdw6v/grdYi+BiY=",
        "owner": "nix-community",
        "repo": "home-manager",
        "rev": "eec72f127831326b042d1f35003767a4ab6a9516",
        "type": "github"
      },
      "original": {
        "owner": "nix-community",
        "repo": "home-manager",
        "type": "github"
      }
    },
    "home-manager_2": {
      "inputs": {
        "nixpkgs": [
          "zen-browser",
          "nixpkgs"
        ]
      },
      "locked": {
        "lastModified": 1768434960,
        "narHash": "sha256-cJbFn17oyg6qAraLr+NVeNJrXsrzJdrudkzI4H2iTcg=",
        "owner": "nix-community",
        "repo": "home-manager",
        "rev": "b4d88c9ac42ae1a745283f6547701da43b6e9f9b",
        "type": "github"
      },
      "original": {
        "owner": "nix-community",
        "repo": "home-manager",
        "type": "github"
      }
    },
    "lib-aggregate": {
      "inputs": {
        "flake-utils": "flake-utils",
        "nixpkgs-lib": "nixpkgs-lib"
      },
      "locked": {
        "lastModified": 1769345475,
        "narHash": "sha256-PDXFBwnWMQHRMcg1yxg2+u0YrgnmjvhMJJj27RbI7rc=",
        "owner": "nix-community",
        "repo": "lib-aggregate",
        "rev": "d708384d89236a8f161173172e780415cffeec2f",
        "type": "github"
      },
      "original": {
        "owner": "nix-community",
        "repo": "lib-aggregate",
        "type": "github"
      }
    },
    "matugen": {
      "inputs": {
        "nixpkgs": [
          "nixpkgs"
        ],
        "systems": "systems_2"
      },
      "locked": {
        "lastModified": 1769499696,
        "narHash": "sha256-E5fY8ZPZQo+ugMBfL+COQXRwVqc1FgCoJ70azALeO7o=",
        "owner": "InioX",
        "repo": "Matugen",
        "rev": "c4c2b02c92147ffe55269874bf2a50110dcaa554",
        "type": "github"
      },
      "original": {
        "owner": "InioX",
        "repo": "Matugen",
        "type": "github"
      }
    },
    "nixpkgs": {
      "locked": {
        "lastModified": 1768886240,
        "narHash": "sha256-C2TjvwYZ2VDxYWeqvvJ5XPPp6U7H66zeJlRaErJKoEM=",
        "owner": "NixOS",
        "repo": "nixpkgs",
        "rev": "80e4adbcf8992d3fd27ad4964fbb84907f9478b0",
        "type": "github"
      },
      "original": {
        "owner": "NixOS",
        "ref": "nixos-unstable",
        "repo": "nixpkgs",
        "type": "github"
      }
    },
    "nixpkgs-lib": {
      "locked": {
        "lastModified": 1769304017,
        "narHash": "sha256-TE1EHvIAz81IGUKTmKQehbc9hjuxF7pe/QWdQuy/Ijc=",
        "owner": "nix-community",
        "repo": "nixpkgs.lib",
        "rev": "d4c8053ce1d9ba28bfb69a9f9f23ac24d313d4e8",
        "type": "github"
      },
      "original": {
        "owner": "nix-community",
        "repo": "nixpkgs.lib",
        "type": "github"
      }
    },
    "nixpkgs_2": {
      "locked": {
        "lastModified": 1769461804,
        "narHash": "sha256-msG8SU5WsBUfVVa/9RPLaymvi5bI8edTavbIq3vRlhI=",
        "owner": "NixOS",
        "repo": "nixpkgs",
        "rev": "bfc1b8a4574108ceef22f02bafcf6611380c100d",
        "type": "github"
      },
      "original": {
        "owner": "NixOS",
        "ref": "nixos-unstable",
        "repo": "nixpkgs",
        "type": "github"
      }
    },
    "noctalia": {
      "inputs": {
        "nixpkgs": [
          "nixpkgs"
        ]
      },
      "locked": {
        "lastModified": 1769577685,
        "narHash": "sha256-Y1JOu3k10JIDB2tyR3NUJ8tBbbmOd6AYk9u16e0BHC0=",
        "owner": "noctalia-dev",
        "repo": "noctalia-shell",
        "rev": "fa67b93ca33f506aaa86f94cf26d8b3769d89666",
        "type": "github"
      },
      "original": {
        "owner": "noctalia-dev",
        "repo": "noctalia-shell",
        "type": "github"
      }
    },
    "quickshell": {
      "inputs": {
        "nixpkgs": [
          "nixpkgs"
        ]
      },
      "locked": {
        "lastModified": 1768985439,
        "narHash": "sha256-qkU4r+l+UPz4dutMMRZSin64HuVZkEv9iFpu9yMWVY0=",
        "ref": "refs/heads/master",
        "rev": "191085a8821b35680bba16ce5411fc9dbe912237",
        "revCount": 731,
        "type": "git",
        "url": "https://git.outfoxxed.me/outfoxxed/quickshell"
      },
      "original": {
        "type": "git",
        "url": "https://git.outfoxxed.me/outfoxxed/quickshell"
      }
    },
    "root": {
      "inputs": {
        "firefox-nightly": "firefox-nightly",
        "future-hyprcursor": "future-hyprcursor",
        "home-manager": "home-manager",
        "matugen": "matugen",
        "nixpkgs": "nixpkgs_2",
        "noctalia": "noctalia",
        "quickshell": "quickshell",
        "spicetify-nix": "spicetify-nix",
        "zen-browser": "zen-browser"
      }
    },
    "spicetify-nix": {
      "inputs": {
        "nixpkgs": [
          "nixpkgs"
        ],
        "systems": "systems_3"
      },
      "locked": {
        "lastModified": 1769316930,
        "narHash": "sha256-4EOGHYLpIscwr+6drHE28Qj7NDjjowp2Vd8QkXjdBBE=",
        "owner": "Gerg-L",
        "repo": "spicetify-nix",
        "rev": "b2ce438f386943ef611e196a178af2d79042903b",
        "type": "github"
      },
      "original": {
        "owner": "Gerg-L",
        "repo": "spicetify-nix",
        "type": "github"
      }
    },
    "systems": {
      "locked": {
        "lastModified": 1681028828,
        "narHash": "sha256-Vy1rq5AaRuLzOxct8nz4T6wlgyUR7zLU309k9mBC768=",
        "owner": "nix-systems",
        "repo": "default",
        "rev": "da67096a3b9bf56a91d16901293e51ba5b49a27e",
        "type": "github"
      },
      "original": {
        "owner": "nix-systems",
        "repo": "default",
        "type": "github"
      }
    },
    "systems_2": {
      "locked": {
        "lastModified": 1689347949,
        "narHash": "sha256-12tWmuL2zgBgZkdoB6qXZsgJEH9LR3oUgpaQq2RbI80=",
        "owner": "nix-systems",
        "repo": "default-linux",
        "rev": "31732fcf5e8fea42e59c2488ad31a0e651500f68",
        "type": "github"
      },
      "original": {
        "owner": "nix-systems",
        "repo": "default-linux",
        "type": "github"
      }
    },
    "systems_3": {
      "locked": {
        "lastModified": 1681028828,
        "narHash": "sha256-Vy1rq5AaRuLzOxct8nz4T6wlgyUR7zLU309k9mBC768=",
        "owner": "nix-systems",
        "repo": "default",
        "rev": "da67096a3b9bf56a91d16901293e51ba5b49a27e",
        "type": "github"
      },
      "original": {
        "owner": "nix-systems",
        "repo": "default",
        "type": "github"
      }
    },
    "zen-browser": {
      "inputs": {
        "home-manager": "home-manager_2",
        "nixpkgs": [
          "nixpkgs"
        ]
      },
      "locked": {
        "lastModified": 1769296843,
        "narHash": "sha256-J2ZqG5LFZkthn/UGn6nGHNW2xFZ0Sn9WhZVBoBIxIiI=",
        "owner": "0xc000022070",
        "repo": "zen-browser-flake",
        "rev": "4bee50bdfd104301973e404d7602b1510d549f52",
        "type": "github"
      },
      "original": {
        "owner": "0xc000022070",
        "ref": "beta",
        "repo": "zen-browser-flake",
        "type": "github"
      }
    }
  },
  "root": "root",
  "version": 7
}
